
Microsoft Visual Studio Solution File, Format Version 12.00
# Visual Studio Version 17
VisualStudioVersion = 17.6.33829.357
MinimumVisualStudioVersion = 10.0.40219.1
Project("{FAE04EC0-301F-11D3-BF4B-00C04F79EFBC}") = "TaskMaker", "TaskMaker.csproj", "{7E6F18E0-CDD9-456F-9F44-714AD8D7B0E5}"
EndProject
Global
	GlobalSection(SolutionConfigurationPlatforms) = preSolution
		Debug|Any CPU = Debug|Any CPU
		Release|Any CPU = Release|Any CPU
	EndGlobalSection
	GlobalSection(ProjectConfigurationPlatforms) = postSolution
		{7E6F18E0-CDD9-456F-9F44-714AD8D7B0E5}.Debug|Any CPU.ActiveCfg = Debug|Any CPU
		{7E6F18E0-CDD9-456F-9F44-714AD8D7B0E5}.Debug|Any CPU.Build.0 = Debug|Any CPU
		{7E6F18E0-CDD9-456F-9F44-714AD8D7B0E5}.Release|Any CPU.ActiveCfg = Release|Any CPU
		{7E6F18E0-CDD9-456F-9F44-714AD8D7B0E5}.Release|Any CPU.Build.0 = Release|Any CPU
	EndGlobalSection
	GlobalSection(SolutionProperties) = preSolution
		HideSolutionNode = FALSE
	EndGlobalSection
	GlobalSection(ExtensibilityGlobals) = postSolution
		SolutionGuid = {4A1837D1-3C86-40C3-8B00-6E5E31B3FFB7}
	EndGlobalSection
EndGlobal
